
Microsoft Visual Studio Solution File, Format Version 11.00
# Visual Studio 2010
Project("{FAE04EC0-301F-11D3-BF4B-00C04F79EFBC}") = "IguanaRC5", "IguanaRC5\IguanaRC5.csproj", "{80A47841-22D9-4AA7-BD54-6F8DE76613A6}"
EndProject
Project("{FAE04EC0-301F-11D3-BF4B-00C04F79EFBC}") = "IguanaRC5Tests", "IguanaRC5Tests\IguanaRC5Tests.csproj", "{FCC4ED29-A04C-4774-BF75-C4EA01A6E4AB}"
EndProject
Global
	GlobalSection(SolutionConfigurationPlatforms) = preSolution
		Debug|Any CPU = Debug|Any CPU
		Release|Any CPU = Release|Any CPU
	EndGlobalSection
	GlobalSection(ProjectConfigurationPlatforms) = postSolution
		{80A47841-22D9-4AA7-BD54-6F8DE76613A6}.Debug|Any CPU.ActiveCfg = Debug|Any CPU
		{80A47841-22D9-4AA7-BD54-6F8DE76613A6}.Debug|Any CPU.Build.0 = Debug|Any CPU
		{80A47841-22D9-4AA7-BD54-6F8DE76613A6}.Release|Any CPU.ActiveCfg = Release|Any CPU
		{80A47841-22D9-4AA7-BD54-6F8DE76613A6}.Release|Any CPU.Build.0 = Release|Any CPU
		{FCC4ED29-A04C-4774-BF75-C4EA01A6E4AB}.Debug|Any CPU.ActiveCfg = Debug|Any CPU
		{FCC4ED29-A04C-4774-BF75-C4EA01A6E4AB}.Debug|Any CPU.Build.0 = Debug|Any CPU
		{FCC4ED29-A04C-4774-BF75-C4EA01A6E4AB}.Release|Any CPU.ActiveCfg = Release|Any CPU
		{FCC4ED29-A04C-4774-BF75-C4EA01A6E4AB}.Release|Any CPU.Build.0 = Release|Any CPU
	EndGlobalSection
	GlobalSection(SolutionProperties) = preSolution
		HideSolutionNode = FALSE
	EndGlobalSection
EndGlobal
